<?xml version="1.0" encoding="utf-8"?>
<Project ToolsVersion="4.0" xmlns="http://schemas.microsoft.com/developer/msbuild/2003">
  <ItemGroup>
    <Filter Include="Source Files">
      <UniqueIdentifier>{4FC737F1-C7A5-4376-A066-2A32D752A2FF}</UniqueIdentifier>
      <Extensions>cpp;c;cc;cxx;c++;cppm;ixx;def;odl;idl;hpj;bat;asm;asmx</Extensions>
    </Filter>
    <Filter Include="Header Files">
      <UniqueIdentifier>{93995380-89BD-4b04-88EB-625FBE52EBFB}</UniqueIdentifier>
      <Extensions>h;hh;hpp;hxx;h++;hm;inl;inc;ipp;xsd</Extensions>
    </Filter>
    <Filter Include="Resource Files">
      <UniqueIdentifier>{67DA6AB6-F800-4c08-8B7A-83BB121AAD01}</UniqueIdentifier>
      <Extensions>rc;ico;cur;bmp;dlg;rc2;rct;bin;rgs;gif;jpg;jpeg;jpe;resx;tiff;tif;png;wav;mfcribbon-ms</Extensions>
    </Filter>
    <Filter Include="Source Files\Engine">
      <UniqueIdentifier>{b0eacc6f-d73c-43f7-ab0c-92d74756b9a9}</UniqueIdentifier>
    </Filter>
    <Filter Include="Source Files\Engine\Utilities">
      <UniqueIdentifier>{af501ef5-cfb9-4c9f-964b-53899aba1e1b}</UniqueIdentifier>
    </Filter>
    <Filter Include="Source Files\Engine\Debug">
      <UniqueIdentifier>{a99e8daf-f2e7-4acf-a94f-b076e3f7f9d7}</UniqueIdentifier>
    </Filter>
    <Filter Include="Source Files\Engine\Application">
      <UniqueIdentifier>{feb94df1-124d-4f15-a131-8987a96e7b00}</UniqueIdentifier>
    </Filter>
    <Filter Include="Source Files\Engine\Graphics">
      <UniqueIdentifier>{6fd01bf9-0598-485a-8d34-aa81b3d8660a}</UniqueIdentifier>
    </Filter>
    <Filter Include="Source Files\Engine\Graphics\Shader">
      <UniqueIdentifier>{79bd1227-bede-4821-86c5-ba7b69df81a2}</UniqueIdentifier>
    </Filter>
    <Filter Include="Source Files\Engine\Graphics\Mesh">
      <UniqueIdentifier>{54645e56-04cf-467e-9aa0-f39d9a5b76c1}</UniqueIdentifier>
    </Filter>
    <Filter Include="Source Files\Engine\Graphics\Layouts">
      <UniqueIdentifier>{f6fc62ae-a0b9-4f57-8925-c7552ab1fe8e}</UniqueIdentifier>
    </Filter>
    <Filter Include="Source Files\Engine\Graphics\UniformVar">
      <UniqueIdentifier>{d205becd-f054-4724-bf94-842f2c4fe7fe}</UniqueIdentifier>
    </Filter>
    <Filter Include="Source Files\Engine\Graphics\VertexObjects">
      <UniqueIdentifier>{b38b2f40-466c-436c-9e4c-712099724737}</UniqueIdentifier>
    </Filter>
    <Filter Include="Source Files\Engine\Geometry">
      <UniqueIdentifier>{ec54b353-0322-4553-8249-0e28ccd80a02}</UniqueIdentifier>
    </Filter>
    <Filter Include="Source Files\Engine\Glad">
      <UniqueIdentifier>{2c043989-a827-4e70-8120-6fff23fafd2a}</UniqueIdentifier>
    </Filter>
  </ItemGroup>
  <ItemGroup>
    <ClCompile Include="main.cpp">
      <Filter>Source Files</Filter>
    </ClCompile>
    <ClCompile Include="Debug.cpp">
      <Filter>Source Files\Engine\Debug</Filter>
    </ClCompile>
    <ClCompile Include="AppWindow.cpp">
      <Filter>Source Files\Engine\Application</Filter>
    </ClCompile>
    <ClCompile Include="Application.cpp">
      <Filter>Source Files\Engine\Application</Filter>
    </ClCompile>
    <ClCompile Include="Input.cpp">
      <Filter>Source Files\Engine\Application</Filter>
    </ClCompile>
    <ClCompile Include="TestApplication.cpp">
      <Filter>Source Files\Engine\Debug</Filter>
    </ClCompile>
    <ClCompile Include="File.cpp">
      <Filter>Source Files\Engine\Utilities</Filter>
    </ClCompile>
    <ClCompile Include="Mesh.cpp">
      <Filter>Source Files\Engine\Graphics\Mesh</Filter>
    </ClCompile>
    <ClCompile Include="IndexedMesh.cpp">
      <Filter>Source Files\Engine\Graphics\Mesh</Filter>
    </ClCompile>
    <ClCompile Include="VertexAttribute.cpp">
      <Filter>Source Files\Engine\Graphics\Layouts</Filter>
    </ClCompile>
    <ClCompile Include="VertexContainer.cpp">
      <Filter>Source Files\Engine\Graphics\Layouts</Filter>
    </ClCompile>
    <ClCompile Include="VertexLayout.cpp">
      <Filter>Source Files\Engine\Graphics\Layouts</Filter>
    </ClCompile>
    <ClCompile Include="ElementBufferObject.cpp">
      <Filter>Source Files\Engine\Graphics\VertexObjects</Filter>
    </ClCompile>
    <ClCompile Include="VertexArrayObject.cpp">
      <Filter>Source Files\Engine\Graphics\VertexObjects</Filter>
    </ClCompile>
    <ClCompile Include="VertexBufferObject.cpp">
      <Filter>Source Files\Engine\Graphics\VertexObjects</Filter>
    </ClCompile>
    <ClCompile Include="ShaderProgram.cpp">
      <Filter>Source Files\Engine\Graphics\Shader</Filter>
    </ClCompile>
    <ClCompile Include="Camera2D.cpp">
      <Filter>Source Files\Engine</Filter>
    </ClCompile>
    <ClCompile Include="Texture2D.cpp">
      <Filter>Source Files\Engine</Filter>
    </ClCompile>
    <ClCompile Include="Transform.cpp">
      <Filter>Source Files\Engine</Filter>
    </ClCompile>
    <ClCompile Include="LineRenderer.cpp">
      <Filter>Source Files</Filter>
    </ClCompile>
    <ClCompile Include="Model.cpp">
      <Filter>Source Files\Engine</Filter>
    </ClCompile>
    <ClCompile Include="Shader.cpp">
      <Filter>Source Files\Engine\Graphics\Shader</Filter>
    </ClCompile>
    <ClCompile Include="UniformVar.cpp">
      <Filter>Source Files\Engine\Graphics\UniformVar</Filter>
    </ClCompile>
    <ClCompile Include="UniformValue.cpp">
      <Filter>Source Files\Engine\Graphics\UniformVar</Filter>
    </ClCompile>
    <ClCompile Include="Material.cpp">
      <Filter>Source Files\Engine\Graphics</Filter>
    </ClCompile>
    <ClCompile Include="Geometry.cpp">
      <Filter>Source Files\Engine\Geometry</Filter>
    </ClCompile>
    <ClCompile Include="TriangleRenderer.cpp">
      <Filter>Source Files</Filter>
    </ClCompile>
    <ClCompile Include="..\Includes\glad.c">
      <Filter>Source Files\Engine\Glad</Filter>
    </ClCompile>
    <ClCompile Include="Voronoi\DelaunayMap.cpp">
      <Filter>Source Files</Filter>
    </ClCompile>
    <ClCompile Include="Voronoi\DelDirectionalEdge.cpp">
      <Filter>Source Files</Filter>
    </ClCompile>
    <ClCompile Include="Voronoi\DelHull.cpp">
      <Filter>Source Files</Filter>
    </ClCompile>
    <ClCompile Include="Voronoi\DelPoint.cpp">
      <Filter>Source Files</Filter>
    </ClCompile>
    <ClCompile Include="Voronoi\DelTri.cpp">
      <Filter>Source Files</Filter>
    </ClCompile>
    <ClCompile Include="Voronoi\Vector2.cpp">
      <Filter>Source Files</Filter>
    </ClCompile>
    <ClCompile Include="Voronoi\Vector3.cpp">
      <Filter>Source Files</Filter>
    </ClCompile>
    <ClCompile Include="Voronoi\VoronoiBiSector.cpp">
      <Filter>Source Files</Filter>
    </ClCompile>
    <ClCompile Include="Voronoi\VoronoiDiagram.cpp">
      <Filter>Source Files</Filter>
    </ClCompile>
    <ClCompile Include="Voronoi\VoronoiPoint.cpp">
      <Filter>Source Files</Filter>
    </ClCompile>
    <ClCompile Include="Voronoi\VoronoiShape.cpp">
      <Filter>Source Files</Filter>
    </ClCompile>
  </ItemGroup>
  <ItemGroup>
    <ClInclude Include="Debug.h">
      <Filter>Source Files\Engine\Debug</Filter>
    </ClInclude>
    <ClInclude Include="AppWindow.h">
      <Filter>Source Files\Engine\Application</Filter>
    </ClInclude>
    <ClInclude Include="Graphics.h">
      <Filter>Header Files</Filter>
    </ClInclude>
    <ClInclude Include="Application.h">
      <Filter>Source Files\Engine\Application</Filter>
    </ClInclude>
    <ClInclude Include="Input.h">
      <Filter>Source Files\Engine\Application</Filter>
    </ClInclude>
    <ClInclude Include="KeyCallbacks.h">
      <Filter>Source Files\Engine\Application</Filter>
    </ClInclude>
    <ClInclude Include="TestApplication.h">
      <Filter>Source Files\Engine\Debug</Filter>
    </ClInclude>
    <ClInclude Include="File.h">
      <Filter>Source Files\Engine\Utilities</Filter>
    </ClInclude>
    <ClInclude Include="ShaderProgram.h">
      <Filter>Source Files\Engine\Graphics\Shader</Filter>
    </ClInclude>
    <ClInclude Include="Mesh.h">
      <Filter>Source Files\Engine\Graphics\Mesh</Filter>
    </ClInclude>
    <ClInclude Include="IndexedMesh.h">
      <Filter>Source Files\Engine\Graphics\Mesh</Filter>
    </ClInclude>
    <ClInclude Include="VertexAttribute.h">
      <Filter>Source Files\Engine\Graphics\Layouts</Filter>
    </ClInclude>
    <ClInclude Include="VertexContainer.h">
      <Filter>Source Files\Engine\Graphics\Layouts</Filter>
    </ClInclude>
    <ClInclude Include="VertexLayout.h">
      <Filter>Source Files\Engine\Graphics\Layouts</Filter>
    </ClInclude>
    <ClInclude Include="ElementBufferObject.h">
      <Filter>Source Files\Engine\Graphics\VertexObjects</Filter>
    </ClInclude>
    <ClInclude Include="VertexArrayObject.h">
      <Filter>Source Files\Engine\Graphics\VertexObjects</Filter>
    </ClInclude>
    <ClInclude Include="VertexBufferObject.h">
      <Filter>Source Files\Engine\Graphics\VertexObjects</Filter>
    </ClInclude>
    <ClInclude Include="Maths.h">
      <Filter>Source Files\Engine\Utilities</Filter>
    </ClInclude>
    <ClInclude Include="Conversion.h">
      <Filter>Source Files\Engine\Utilities</Filter>
    </ClInclude>
    <ClInclude Include="Camera2D.h">
      <Filter>Source Files\Engine</Filter>
    </ClInclude>
    <ClInclude Include="Texture2D.h">
      <Filter>Source Files\Engine</Filter>
    </ClInclude>
    <ClInclude Include="Transform.h">
      <Filter>Source Files\Engine</Filter>
    </ClInclude>
    <ClInclude Include="LineRenderer.h">
      <Filter>Source Files</Filter>
    </ClInclude>
    <ClInclude Include="UniformVar.h">
      <Filter>Source Files\Engine\Graphics\UniformVar</Filter>
    </ClInclude>
    <ClInclude Include="string.h">
      <Filter>Source Files\Engine\Utilities</Filter>
    </ClInclude>
    <ClInclude Include="UniformVarHelpers.h">
      <Filter>Source Files\Engine\Graphics\UniformVar</Filter>
    </ClInclude>
    <ClInclude Include="Model.h">
      <Filter>Source Files\Engine</Filter>
    </ClInclude>
    <ClInclude Include="Shader.h">
      <Filter>Source Files\Engine\Graphics\Shader</Filter>
    </ClInclude>
    <ClInclude Include="Material.h">
      <Filter>Source Files\Engine\Graphics</Filter>
    </ClInclude>
    <ClInclude Include="UniformValue.h">
      <Filter>Source Files\Engine\Graphics\UniformVar</Filter>
    </ClInclude>
    <ClInclude Include="Geometry.h">
      <Filter>Source Files\Engine\Geometry</Filter>
    </ClInclude>
    <ClInclude Include="TriangleRenderer.h">
      <Filter>Source Files</Filter>
    </ClInclude>
    <ClInclude Include="Voronoi\CycleLinkedList.h">
      <Filter>Source Files</Filter>
    </ClInclude>
    <ClInclude Include="Voronoi\DelaunayMap.h">
      <Filter>Source Files</Filter>
    </ClInclude>
    <ClInclude Include="Voronoi\DelDirectionalEdge.h">
      <Filter>Source Files</Filter>
    </ClInclude>
    <ClInclude Include="Voronoi\DelHull.h">
      <Filter>Source Files</Filter>
    </ClInclude>
    <ClInclude Include="Voronoi\DelPoint.h">
      <Filter>Source Files</Filter>
    </ClInclude>
    <ClInclude Include="Voronoi\DelTri.h">
      <Filter>Source Files</Filter>
    </ClInclude>
    <ClInclude Include="Voronoi\DLinkedList.h">
      <Filter>Source Files</Filter>
    </ClInclude>
    <ClInclude Include="Voronoi\DynamicArray.h">
      <Filter>Source Files</Filter>
    </ClInclude>
    <ClInclude Include="Voronoi\Vector2.h">
      <Filter>Source Files</Filter>
    </ClInclude>
    <ClInclude Include="Voronoi\Vector3.h">
      <Filter>Source Files</Filter>
    </ClInclude>
    <ClInclude Include="Voronoi\VoronoiBiSector.h">
      <Filter>Source Files</Filter>
    </ClInclude>
    <ClInclude Include="Voronoi\VoronoiDiagram.h">
      <Filter>Source Files</Filter>
    </ClInclude>
    <ClInclude Include="Voronoi\VoronoiPoint.h">
      <Filter>Source Files</Filter>
    </ClInclude>
    <ClInclude Include="Voronoi\VoronoiShape.h">
      <Filter>Source Files</Filter>
    </ClInclude>
  </ItemGroup>
</Project>